
Microsoft Visual Studio Solution File, Format Version 12.00
# Visual Studio Version 17
VisualStudioVersion = 17.6.33801.468
MinimumVisualStudioVersion = 10.0.40219.1
Project("{FAE04EC0-301F-11D3-BF4B-00C04F79EFBC}") = "MyNewApp", "MyNewApp\MyNewApp.csproj", "{73BC2732-BF8D-4AE4-886A-4BD3BFBB69EF}"
EndProject
Global
	GlobalSection(SolutionConfigurationPlatforms) = preSolution
		Debug|Any CPU = Debug|Any CPU
		Release|Any CPU = Release|Any CPU
	EndGlobalSection
	GlobalSection(ProjectConfigurationPlatforms) = postSolution
		{73BC2732-BF8D-4AE4-886A-4BD3BFBB69EF}.Debug|Any CPU.ActiveCfg = Debug|Any CPU
		{73BC2732-BF8D-4AE4-886A-4BD3BFBB69EF}.Debug|Any CPU.Build.0 = Debug|Any CPU
		{73BC2732-BF8D-4AE4-886A-4BD3BFBB69EF}.Release|Any CPU.ActiveCfg = Release|Any CPU
		{73BC2732-BF8D-4AE4-886A-4BD3BFBB69EF}.Release|Any CPU.Build.0 = Release|Any CPU
	EndGlobalSection
	GlobalSection(SolutionProperties) = preSolution
		HideSolutionNode = FALSE
	EndGlobalSection
	GlobalSection(ExtensibilityGlobals) = postSolution
		SolutionGuid = {7AC31555-9F37-43AE-8FFB-FD0940F0C4D0}
	EndGlobalSection
EndGlobal
